lockfileVersion: '9.0'

settings:
  autoInstallPeers: true
  excludeLinksFromLockfile: false

importers:

  .:
    devDependencies:
      '@makoojs/test':
        specifier: file:../../../test
        version: file:../../../test(@playwright/test@1.63.0)
      '@playwright/test':
        specifier: 1.63.0
        version: 1.63.0

packages:

  '@makoojs/test@file:../../../test':
    resolution: {directory: ../../../test, type: directory}
    peerDependencies:
      '@playwright/test': 1.63.0
      vitest: ^4.1.7
    peerDependenciesMeta:
      '@playwright/test':
        optional: true
      vitest:
        optional: true

  '@playwright/test@1.63.0':
    resolution: {integrity: sha512-oxMK4vllB9RK5NQ2l1pq1IfOf2AvnEuj/vYGDj0H2nMtmtZpKtCwt/l00GEO6xjGfpBNAvjovvYdCm50dRQkpQ==}
    engines: {node: '>=20'}
    hasBin: true

  fflate@0.8.2:
    resolution: {integrity: sha512-cPJU47OaAoCbg0pBvzsgpTPhmhqI5eJjh/JIu8tPj5q+T7iLvW/JAYUqmE7KOB4R1ZyEhzBaIQpQpardBF5z8A==}

  playwright-core@1.63.0:
    resolution: {integrity: sha512-rYCsBF/M5HjUch52bbtVONEFjv6Xu8sm8h72dNlR5bzIE1fvC/bxgspzkjSfU+MweEMmPM8KJebG6nnyxo5mCg==}
    engines: {node: '>=20'}
    hasBin: true

  playwright@1.63.0:
    resolution: {integrity: sha512-+7ziBLidS4NaNCdt57SUDT+wYmmd5fmiQejUic/kb+YsYSCPyOOE9sebzMjNmQrsnNpDJqd4WHvV/8lfKfUDUg==}
    engines: {node: '>=20'}
    hasBin: true

snapshots:

  '@makoojs/test@file:../../../test(@playwright/test@1.63.0)':
    dependencies:
      fflate: 0.8.2
    optionalDependencies:
      '@playwright/test': 1.63.0

  '@playwright/test@1.63.0':
    dependencies:
      playwright: 1.63.0

  fflate@0.8.2: {}

  playwright-core@1.63.0: {}

  playwright@1.63.0:
    dependencies:
      playwright-core: 1.63.0
